<?xml version="1.0" encoding="utf-8"?>
<Project ToolsVersion="4.0" xmlns="http://schemas.microsoft.com/developer/msbuild/2003">
  <ItemGroup>
    <Filter Include="Source Files">
      <UniqueIdentifier>{4FC737F1-C7A5-4376-A066-2A32D752A2FF}</UniqueIdentifier>
      <Extensions>cpp;c;cc;cxx;def;odl;idl;hpj;bat;asm;asmx</Extensions>
    </Filter>
    <Filter Include="Header Files">
      <UniqueIdentifier>{93995380-89BD-4b04-88EB-625FBE52EBFB}</UniqueIdentifier>
      <Extensions>h;hpp;hxx;hm;inl;inc;xsd</Extensions>
    </Filter>
    <Filter Include="BGI">
      <UniqueIdentifier>{1ed1c2aa-b0a5-40fb-a334-046e498cf552}</UniqueIdentifier>
    </Filter>
    <Filter Include="Main">
      <UniqueIdentifier>{e57f1840-e8b6-499a-8c01-f861592f4c0c}</UniqueIdentifier>
    </Filter>
    <Filter Include="Header Files\Core">
      <UniqueIdentifier>{1d939d09-e590-4a33-84b7-3a5343407dc5}</UniqueIdentifier>
    </Filter>
    <Filter Include="Header Files\Physics">
      <UniqueIdentifier>{ae46e433-b4fd-48d7-8deb-9c7d1cfd9133}</UniqueIdentifier>
    </Filter>
    <Filter Include="Header Files\Tetris">
      <UniqueIdentifier>{09720471-3bc0-4ab2-bed3-0cb4c5304625}</UniqueIdentifier>
    </Filter>
    <Filter Include="Source Files\Core">
      <UniqueIdentifier>{7ee373cc-19a8-42c6-bea3-08e17c5a8e4d}</UniqueIdentifier>
    </Filter>
    <Filter Include="Source Files\Physics">
      <UniqueIdentifier>{a86ac2ee-e4fb-481c-8441-2f0b937f5eb6}</UniqueIdentifier>
    </Filter>
    <Filter Include="Source Files\Tetris">
      <UniqueIdentifier>{57a9a388-3a33-4010-a926-b82bbb41c0fa}</UniqueIdentifier>
    </Filter>
  </ItemGroup>
  <ItemGroup>
    <ClCompile Include="bgi\winbgi.cxx">
      <Filter>BGI</Filter>
    </ClCompile>
    <ClCompile Include="bgi\bgiout.cxx">
      <Filter>BGI</Filter>
    </ClCompile>
    <ClCompile Include="bgi\dibutil.cxx">
      <Filter>BGI</Filter>
    </ClCompile>
    <ClCompile Include="bgi\drawing.cxx">
      <Filter>BGI</Filter>
    </ClCompile>
    <ClCompile Include="bgi\file.cxx">
      <Filter>BGI</Filter>
    </ClCompile>
    <ClCompile Include="bgi\main.cxx">
      <Filter>BGI</Filter>
    </ClCompile>
    <ClCompile Include="bgi\misc.cxx">
      <Filter>BGI</Filter>
    </ClCompile>
    <ClCompile Include="bgi\mouse.cxx">
      <Filter>BGI</Filter>
    </ClCompile>
    <ClCompile Include="bgi\palette.cxx">
      <Filter>BGI</Filter>
    </ClCompile>
    <ClCompile Include="bgi\text.cxx">
      <Filter>BGI</Filter>
    </ClCompile>
    <ClCompile Include="bgi\winthread.cxx">
      <Filter>BGI</Filter>
    </ClCompile>
    <ClCompile Include="examples\Tetris.cpp">
      <Filter>Main</Filter>
    </ClCompile>
    <ClCompile Include="source\core\Controls.cpp">
      <Filter>Source Files\Core</Filter>
    </ClCompile>
    <ClCompile Include="source\core\Primitives.cpp">
      <Filter>Source Files\Core</Filter>
    </ClCompile>
    <ClCompile Include="source\core\Scene.cpp">
      <Filter>Source Files\Core</Filter>
    </ClCompile>
    <ClCompile Include="source\Tetris\GameRules.cpp">
      <Filter>Source Files\Tetris</Filter>
    </ClCompile>
    <ClCompile Include="source\Tetris\Pieces.cpp">
      <Filter>Source Files\Tetris</Filter>
    </ClCompile>
    <ClCompile Include="source\physics\Math.cpp">
      <Filter>Source Files\Physics</Filter>
    </ClCompile>
    <ClCompile Include="source\physics\Physics.cpp">
      <Filter>Source Files\Physics</Filter>
    </ClCompile>
  </ItemGroup>
  <ItemGroup>
    <ClInclude Include="bgi\dibutil.h">
      <Filter>BGI</Filter>
    </ClInclude>
    <ClInclude Include="bgi\graphics.h">
      <Filter>BGI</Filter>
    </ClInclude>
    <ClInclude Include="bgi\winbgi.h">
      <Filter>BGI</Filter>
    </ClInclude>
    <ClInclude Include="bgi\winbgim.h">
      <Filter>BGI</Filter>
    </ClInclude>
    <ClInclude Include="bgi\winbgitypes.h">
      <Filter>BGI</Filter>
    </ClInclude>
    <ClInclude Include="source\core\Colors.h">
      <Filter>Header Files\Core</Filter>
    </ClInclude>
    <ClInclude Include="source\core\Controls.h">
      <Filter>Header Files\Core</Filter>
    </ClInclude>
    <ClInclude Include="source\core\Primitives.h">
      <Filter>Header Files\Core</Filter>
    </ClInclude>
    <ClInclude Include="source\core\Scene.h">
      <Filter>Header Files\Core</Filter>
    </ClInclude>
    <ClInclude Include="source\Tetris\GameRules.h">
      <Filter>Header Files\Tetris</Filter>
    </ClInclude>
    <ClInclude Include="source\Tetris\Pieces.h">
      <Filter>Header Files\Tetris</Filter>
    </ClInclude>
    <ClInclude Include="source\physics\Math.h">
      <Filter>Header Files\Physics</Filter>
    </ClInclude>
    <ClInclude Include="source\physics\Physics.h">
      <Filter>Header Files\Physics</Filter>
    </ClInclude>
  </ItemGroup>
</Project>